
Microsoft Visual Studio Solution File, Format Version 11.00
# Visual Studio 2010
Project("{FAE04EC0-301F-11D3-BF4B-00C04F79EFBC}") = "Assembly-CSharp", "Assembly-CSharp.csproj", "{86BAE577-0AD1-7C7B-932D-ED90648DDF6D}"
EndProject
Project("{FAE04EC0-301F-11D3-BF4B-00C04F79EFBC}") = "Assembly-CSharp-firstpass", "Assembly-CSharp-firstpass.csproj", "{B9C9A7A3-F378-52FC-3269-84691E9DD935}"
EndProject
Project("{FAE04EC0-301F-11D3-BF4B-00C04F79EFBC}") = "Assembly-CSharp-Editor-firstpass", "Assembly-CSharp-Editor-firstpass.csproj", "{0BFEA832-C2E6-C060-B7E6-0A687CCC2CDD}"
EndProject
Global
	GlobalSection(SolutionConfigurationPlatforms) = preSolution
		Debug|Any CPU = Debug|Any CPU
		Release|Any CPU = Release|Any CPU
	EndGlobalSection
	GlobalSection(ProjectConfigurationPlatforms) = postSolution
		{86BAE577-0AD1-7C7B-932D-ED90648DDF6D}.Debug|Any CPU.ActiveCfg = Debug|Any CPU
		{86BAE577-0AD1-7C7B-932D-ED90648DDF6D}.Debug|Any CPU.Build.0 = Debug|Any CPU
		{86BAE577-0AD1-7C7B-932D-ED90648DDF6D}.Release|Any CPU.ActiveCfg = Release|Any CPU
		{86BAE577-0AD1-7C7B-932D-ED90648DDF6D}.Release|Any CPU.Build.0 = Release|Any CPU
		{B9C9A7A3-F378-52FC-3269-84691E9DD935}.Debug|Any CPU.ActiveCfg = Debug|Any CPU
		{B9C9A7A3-F378-52FC-3269-84691E9DD935}.Debug|Any CPU.Build.0 = Debug|Any CPU
		{B9C9A7A3-F378-52FC-3269-84691E9DD935}.Release|Any CPU.ActiveCfg = Release|Any CPU
		{B9C9A7A3-F378-52FC-3269-84691E9DD935}.Release|Any CPU.Build.0 = Release|Any CPU
		{0BFEA832-C2E6-C060-B7E6-0A687CCC2CDD}.Debug|Any CPU.ActiveCfg = Debug|Any CPU
		{0BFEA832-C2E6-C060-B7E6-0A687CCC2CDD}.Debug|Any CPU.Build.0 = Debug|Any CPU
		{0BFEA832-C2E6-C060-B7E6-0A687CCC2CDD}.Release|Any CPU.ActiveCfg = Release|Any CPU
		{0BFEA832-C2E6-C060-B7E6-0A687CCC2CDD}.Release|Any CPU.Build.0 = Release|Any CPU
	EndGlobalSection
	GlobalSection(SolutionProperties) = preSolution
		HideSolutionNode = FALSE
	EndGlobalSection
	GlobalSection(MonoDevelopProperties) = preSolution
		StartupItem = Assembly-CSharp.csproj
	EndGlobalSection
EndGlobal
