
Microsoft Visual Studio Solution File, Format Version 12.00
# Visual Studio for Mac
Project("{FAE04EC0-301F-11D3-BF4B-00C04F79EFBC}") = "Gun", "Assembly-CSharp-firstpass.csproj", "{CF0A7D3B-430B-C287-7F83-4CE43360879A}"
EndProject
Project("{FAE04EC0-301F-11D3-BF4B-00C04F79EFBC}") = "Gun", "Assembly-CSharp.csproj", "{F5252F08-7014-7E8A-0DF6-6450424B9164}"
EndProject
Project("{FAE04EC0-301F-11D3-BF4B-00C04F79EFBC}") = "Gun", "Assembly-CSharp-Editor-firstpass.csproj", "{44A9490A-C053-D6BB-5D43-FB39BA47ED53}"
EndProject
Project("{FAE04EC0-301F-11D3-BF4B-00C04F79EFBC}") = "Gun", "Assembly-CSharp-Editor.csproj", "{89E3356F-C231-7F04-B39B-705C8112EAC7}"
EndProject
Global
	GlobalSection(SolutionConfigurationPlatforms) = preSolution
		Debug|Any CPU = Debug|Any CPU
		Release|Any CPU = Release|Any CPU
	EndGlobalSection
	GlobalSection(ProjectConfigurationPlatforms) = postSolution
		{CF0A7D3B-430B-C287-7F83-4CE43360879A}.Debug|Any CPU.ActiveCfg = Debug|Any CPU
		{CF0A7D3B-430B-C287-7F83-4CE43360879A}.Debug|Any CPU.Build.0 = Debug|Any CPU
		{CF0A7D3B-430B-C287-7F83-4CE43360879A}.Release|Any CPU.ActiveCfg = Release|Any CPU
		{CF0A7D3B-430B-C287-7F83-4CE43360879A}.Release|Any CPU.Build.0 = Release|Any CPU
		{F5252F08-7014-7E8A-0DF6-6450424B9164}.Debug|Any CPU.ActiveCfg = Debug|Any CPU
		{F5252F08-7014-7E8A-0DF6-6450424B9164}.Debug|Any CPU.Build.0 = Debug|Any CPU
		{F5252F08-7014-7E8A-0DF6-6450424B9164}.Release|Any CPU.ActiveCfg = Release|Any CPU
		{F5252F08-7014-7E8A-0DF6-6450424B9164}.Release|Any CPU.Build.0 = Release|Any CPU
		{44A9490A-C053-D6BB-5D43-FB39BA47ED53}.Debug|Any CPU.ActiveCfg = Debug|Any CPU
		{44A9490A-C053-D6BB-5D43-FB39BA47ED53}.Debug|Any CPU.Build.0 = Debug|Any CPU
		{44A9490A-C053-D6BB-5D43-FB39BA47ED53}.Release|Any CPU.ActiveCfg = Release|Any CPU
		{44A9490A-C053-D6BB-5D43-FB39BA47ED53}.Release|Any CPU.Build.0 = Release|Any CPU
		{89E3356F-C231-7F04-B39B-705C8112EAC7}.Debug|Any CPU.ActiveCfg = Debug|Any CPU
		{89E3356F-C231-7F04-B39B-705C8112EAC7}.Debug|Any CPU.Build.0 = Debug|Any CPU
		{89E3356F-C231-7F04-B39B-705C8112EAC7}.Release|Any CPU.ActiveCfg = Release|Any CPU
		{89E3356F-C231-7F04-B39B-705C8112EAC7}.Release|Any CPU.Build.0 = Release|Any CPU
	EndGlobalSection
	GlobalSection(SolutionProperties) = preSolution
		HideSolutionNode = FALSE
	EndGlobalSection
EndGlobal
