
Microsoft Visual Studio Solution File, Format Version 11.00
# Visual Studio 2010
Project("{FAE04EC0-301F-11D3-BF4B-00C04F79EFBC}") = "Assembly-CSharp-firstpass", "Assembly-CSharp-firstpass.csproj", "{C7248653-701B-AA91-84A8-AFFEE1AEEEE4}"
EndProject
Project("{FAE04EC0-301F-11D3-BF4B-00C04F79EFBC}") = "Assembly-CSharp", "Assembly-CSharp.csproj", "{6CCC32E9-9EC7-736D-CA1E-24A1AC2A6038}"
EndProject
Project("{FAE04EC0-301F-11D3-BF4B-00C04F79EFBC}") = "Assembly-CSharp-Editor-firstpass", "Assembly-CSharp-Editor-firstpass.csproj", "{E18F8C5E-5279-DDF6-C3A3-B7AA350666CA}"
EndProject
Global
	GlobalSection(SolutionConfigurationPlatforms) = preSolution
		Debug|Any CPU = Debug|Any CPU
		Release|Any CPU = Release|Any CPU
	EndGlobalSection
	GlobalSection(ProjectConfigurationPlatforms) = postSolution
		{C7248653-701B-AA91-84A8-AFFEE1AEEEE4}.Debug|Any CPU.ActiveCfg = Debug|Any CPU
		{C7248653-701B-AA91-84A8-AFFEE1AEEEE4}.Debug|Any CPU.Build.0 = Debug|Any CPU
		{C7248653-701B-AA91-84A8-AFFEE1AEEEE4}.Release|Any CPU.ActiveCfg = Release|Any CPU
		{C7248653-701B-AA91-84A8-AFFEE1AEEEE4}.Release|Any CPU.Build.0 = Release|Any CPU
		{6CCC32E9-9EC7-736D-CA1E-24A1AC2A6038}.Debug|Any CPU.ActiveCfg = Debug|Any CPU
		{6CCC32E9-9EC7-736D-CA1E-24A1AC2A6038}.Debug|Any CPU.Build.0 = Debug|Any CPU
		{6CCC32E9-9EC7-736D-CA1E-24A1AC2A6038}.Release|Any CPU.ActiveCfg = Release|Any CPU
		{6CCC32E9-9EC7-736D-CA1E-24A1AC2A6038}.Release|Any CPU.Build.0 = Release|Any CPU
		{E18F8C5E-5279-DDF6-C3A3-B7AA350666CA}.Debug|Any CPU.ActiveCfg = Debug|Any CPU
		{E18F8C5E-5279-DDF6-C3A3-B7AA350666CA}.Debug|Any CPU.Build.0 = Debug|Any CPU
		{E18F8C5E-5279-DDF6-C3A3-B7AA350666CA}.Release|Any CPU.ActiveCfg = Release|Any CPU
		{E18F8C5E-5279-DDF6-C3A3-B7AA350666CA}.Release|Any CPU.Build.0 = Release|Any CPU
	EndGlobalSection
	GlobalSection(SolutionProperties) = preSolution
		HideSolutionNode = FALSE
	EndGlobalSection
	GlobalSection(MonoDevelopProperties) = preSolution
		StartupItem = Assembly-CSharp.csproj
	EndGlobalSection
EndGlobal
