
Microsoft Visual Studio Solution File, Format Version 11.00
# Visual Studio 2010
Project("{FAE04EC0-301F-11D3-BF4B-00C04F79EFBC}") = "Assembly-CSharp", "Assembly-CSharp.csproj", "{986B7C2F-2739-FD83-D576-A195DFB5311B}"
EndProject
Project("{FAE04EC0-301F-11D3-BF4B-00C04F79EFBC}") = "Assembly-CSharp-Editor", "Assembly-CSharp-Editor.csproj", "{2BDFC99B-5C91-4D35-82C1-1B3F0D697F62}"
EndProject
Global
	GlobalSection(SolutionConfigurationPlatforms) = preSolution
		Debug|Any CPU = Debug|Any CPU
		Release|Any CPU = Release|Any CPU
	EndGlobalSection
	GlobalSection(ProjectConfigurationPlatforms) = postSolution
		{986B7C2F-2739-FD83-D576-A195DFB5311B}.Debug|Any CPU.ActiveCfg = Debug|Any CPU
		{986B7C2F-2739-FD83-D576-A195DFB5311B}.Debug|Any CPU.Build.0 = Debug|Any CPU
		{986B7C2F-2739-FD83-D576-A195DFB5311B}.Release|Any CPU.ActiveCfg = Release|Any CPU
		{986B7C2F-2739-FD83-D576-A195DFB5311B}.Release|Any CPU.Build.0 = Release|Any CPU
		{2BDFC99B-5C91-4D35-82C1-1B3F0D697F62}.Debug|Any CPU.ActiveCfg = Debug|Any CPU
		{2BDFC99B-5C91-4D35-82C1-1B3F0D697F62}.Debug|Any CPU.Build.0 = Debug|Any CPU
		{2BDFC99B-5C91-4D35-82C1-1B3F0D697F62}.Release|Any CPU.ActiveCfg = Release|Any CPU
		{2BDFC99B-5C91-4D35-82C1-1B3F0D697F62}.Release|Any CPU.Build.0 = Release|Any CPU
	EndGlobalSection
	GlobalSection(SolutionProperties) = preSolution
		HideSolutionNode = FALSE
	EndGlobalSection
	GlobalSection(MonoDevelopProperties) = preSolution
		StartupItem = Assembly-CSharp.csproj
	EndGlobalSection
EndGlobal
