
Microsoft Visual Studio Solution File, Format Version 11.00
# Visual Studio 2010
Project("{FAE04EC0-301F-11D3-BF4B-00C04F79EFBC}") = "Assembly-CSharp", "Assembly-CSharp.csproj", "{EC186C8F-3E3D-8975-5FE8-DB8EEC53E000}"
EndProject
Project("{FAE04EC0-301F-11D3-BF4B-00C04F79EFBC}") = "Assembly-CSharp-Editor", "Assembly-CSharp-Editor.csproj", "{2CFF5F48-8861-8615-BB20-B40F0B756F46}"
EndProject
Global
	GlobalSection(SolutionConfigurationPlatforms) = preSolution
		Debug|Any CPU = Debug|Any CPU
		Release|Any CPU = Release|Any CPU
	EndGlobalSection
	GlobalSection(ProjectConfigurationPlatforms) = postSolution
		{EC186C8F-3E3D-8975-5FE8-DB8EEC53E000}.Debug|Any CPU.ActiveCfg = Debug|Any CPU
		{EC186C8F-3E3D-8975-5FE8-DB8EEC53E000}.Debug|Any CPU.Build.0 = Debug|Any CPU
		{EC186C8F-3E3D-8975-5FE8-DB8EEC53E000}.Release|Any CPU.ActiveCfg = Release|Any CPU
		{EC186C8F-3E3D-8975-5FE8-DB8EEC53E000}.Release|Any CPU.Build.0 = Release|Any CPU
		{2CFF5F48-8861-8615-BB20-B40F0B756F46}.Debug|Any CPU.ActiveCfg = Debug|Any CPU
		{2CFF5F48-8861-8615-BB20-B40F0B756F46}.Debug|Any CPU.Build.0 = Debug|Any CPU
		{2CFF5F48-8861-8615-BB20-B40F0B756F46}.Release|Any CPU.ActiveCfg = Release|Any CPU
		{2CFF5F48-8861-8615-BB20-B40F0B756F46}.Release|Any CPU.Build.0 = Release|Any CPU
	EndGlobalSection
	GlobalSection(SolutionProperties) = preSolution
		HideSolutionNode = FALSE
	EndGlobalSection
	GlobalSection(MonoDevelopProperties) = preSolution
		StartupItem = Assembly-CSharp.csproj
	EndGlobalSection
EndGlobal
